
Microsoft Visual Studio Solution File, Format Version 12.00
# Visual Studio Version 17
VisualStudioVersion = 17.8.34525.116
MinimumVisualStudioVersion = 10.0.40219.1
Project("{FAE04EC0-301F-11D3-BF4B-00C04F79EFBC}") = "Tp04SistemasWeb", "Tp04SistemasWeb\Tp04SistemasWeb.csproj", "{7D0D53CF-52AD-4C2E-9952-4F329BF68DF1}"
EndProject
Global
	GlobalSection(SolutionConfigurationPlatforms) = preSolution
		Debug|Any CPU = Debug|Any CPU
		Release|Any CPU = Release|Any CPU
	EndGlobalSection
	GlobalSection(ProjectConfigurationPlatforms) = postSolution
		{7D0D53CF-52AD-4C2E-9952-4F329BF68DF1}.Debug|Any CPU.ActiveCfg = Debug|Any CPU
		{7D0D53CF-52AD-4C2E-9952-4F329BF68DF1}.Debug|Any CPU.Build.0 = Debug|Any CPU
		{7D0D53CF-52AD-4C2E-9952-4F329BF68DF1}.Release|Any CPU.ActiveCfg = Release|Any CPU
		{7D0D53CF-52AD-4C2E-9952-4F329BF68DF1}.Release|Any CPU.Build.0 = Release|Any CPU
	EndGlobalSection
	GlobalSection(SolutionProperties) = preSolution
		HideSolutionNode = FALSE
	EndGlobalSection
	GlobalSection(ExtensibilityGlobals) = postSolution
		SolutionGuid = {8F84A3EC-F4AE-4025-957F-82BB5887F660}
	EndGlobalSection
EndGlobal
